
Microsoft Visual Studio Solution File, Format Version 12.00
# Visual Studio Version 17
VisualStudioVersion = 17.4.33122.133
MinimumVisualStudioVersion = 10.0.40219.1
Project("{FAE04EC0-301F-11D3-BF4B-00C04F79EFBC}") = "Calculator", "Calculator\Calculator.csproj", "{3CA51C03-FB11-4DAA-8A75-FC5F33AFF861}"
EndProject
Global
	GlobalSection(SolutionConfigurationPlatforms) = preSolution
		Debug|Any CPU = Debug|Any CPU
		Release|Any CPU = Release|Any CPU
	EndGlobalSection
	GlobalSection(ProjectConfigurationPlatforms) = postSolution
		{3CA51C03-FB11-4DAA-8A75-FC5F33AFF861}.Debug|Any CPU.ActiveCfg = Debug|Any CPU
		{3CA51C03-FB11-4DAA-8A75-FC5F33AFF861}.Debug|Any CPU.Build.0 = Debug|Any CPU
		{3CA51C03-FB11-4DAA-8A75-FC5F33AFF861}.Release|Any CPU.ActiveCfg = Release|Any CPU
		{3CA51C03-FB11-4DAA-8A75-FC5F33AFF861}.Release|Any CPU.Build.0 = Release|Any CPU
	EndGlobalSection
	GlobalSection(SolutionProperties) = preSolution
		HideSolutionNode = FALSE
	EndGlobalSection
	GlobalSection(ExtensibilityGlobals) = postSolution
		SolutionGuid = {61E7E1FD-16C8-49B1-97A6-CA3161744C1F}
	EndGlobalSection
EndGlobal
